hash: 69c5636597ec554844884ae47288568a9052dc7be4800d69bd3822300d588c30
updated: 2018-12-09T16:49:42.932792384+01:00
imports:
- name: github.com/coreos/go-systemd
  version: 48702e0da86bd25e76cfef347e2adeb434a0d0a6
  subpackages:
  - dbus
- name: github.com/dtan4/systemd-timers
  version: c006cb8e2cbe92faea669355c84d202c5815bdfb
  subpackages:
  - systemd
- name: github.com/dustin/go-humanize
  version: 7a41df006ff9af79a29f0ffa9c5f21fbe6314a2d
- name: github.com/fatih/color
  version: 34e4ee095d12986a2cef5ddb9aeb3b8cfcfea17c
- name: github.com/godbus/dbus
  version: 4b24ebee04561bf8a3bcc09aead82062edc56778
- name: github.com/reconquest/loreley
  version: 2ab6b7470a54bfa9b5b0289f9b4e8fc4839838f7
- name: golang.org/x/crypto
  version: 1f22c0103821b9390939b6776727195525381532
  subpackages:
  - ssh/terminal
testImports: []
